
Microsoft Visual Studio Solution File, Format Version 12.00
# Visual Studio Version 17
VisualStudioVersion = 17.0.31903.59
MinimumVisualStudioVersion = 10.0.40219.1
Project("{2150E333-8FDC-42A3-9474-1A3956D46DE8}") = "domain", "domain", "{B0D738B0-4479-4365-8F82-AB0F625FFF51}"
EndProject
Project("{9A19103F-16F7-4668-BE54-9A1E7A4F7556}") = "Books-Store", "domain\Books-Store\Books-Store.csproj", "{4BF73C37-B925-478A-87E1-70495892FAC2}"
EndProject
Project("{2150E333-8FDC-42A3-9474-1A3956D46DE8}") = "infrastrucure", "infrastrucure", "{3489E111-EC76-4E0C-B724-40C430767401}"
EndProject
Project("{FAE04EC0-301F-11D3-BF4B-00C04F79EFBC}") = "Books-Store.Memory", "infrastructure\Books-Store.Memory\Books-Store.Memory.csproj", "{3D547441-4AF5-46D5-B9C7-2726FFE3B73F}"
EndProject
Global
	GlobalSection(SolutionConfigurationPlatforms) = preSolution
		Debug|Any CPU = Debug|Any CPU
		Release|Any CPU = Release|Any CPU
	EndGlobalSection
	GlobalSection(ProjectConfigurationPlatforms) = postSolution
		{4BF73C37-B925-478A-87E1-70495892FAC2}.Debug|Any CPU.ActiveCfg = Debug|Any CPU
		{4BF73C37-B925-478A-87E1-70495892FAC2}.Debug|Any CPU.Build.0 = Debug|Any CPU
		{4BF73C37-B925-478A-87E1-70495892FAC2}.Release|Any CPU.ActiveCfg = Release|Any CPU
		{4BF73C37-B925-478A-87E1-70495892FAC2}.Release|Any CPU.Build.0 = Release|Any CPU
		{3D547441-4AF5-46D5-B9C7-2726FFE3B73F}.Debug|Any CPU.ActiveCfg = Debug|Any CPU
		{3D547441-4AF5-46D5-B9C7-2726FFE3B73F}.Debug|Any CPU.Build.0 = Debug|Any CPU
		{3D547441-4AF5-46D5-B9C7-2726FFE3B73F}.Release|Any CPU.ActiveCfg = Release|Any CPU
		{3D547441-4AF5-46D5-B9C7-2726FFE3B73F}.Release|Any CPU.Build.0 = Release|Any CPU
	EndGlobalSection
	GlobalSection(SolutionProperties) = preSolution
		HideSolutionNode = FALSE
	EndGlobalSection
	GlobalSection(NestedProjects) = preSolution
		{4BF73C37-B925-478A-87E1-70495892FAC2} = {B0D738B0-4479-4365-8F82-AB0F625FFF51}
		{3D547441-4AF5-46D5-B9C7-2726FFE3B73F} = {3489E111-EC76-4E0C-B724-40C430767401}
	EndGlobalSection
	GlobalSection(ExtensibilityGlobals) = postSolution
		SolutionGuid = {6BF82061-D978-4B19-A197-8BAD20DDB765}
	EndGlobalSection
EndGlobal
